{
  "originHash" : "8ab5ca2b338c8b91483ca05669afa88d9bbf19e85c63a758bb2ea205bbd5e3f0",
  "pins" : [
    {
      "identity" : "wwkeyboardshadowview",
      "kind" : "remoteSourceControl",
      "location" : "https://github.com/William-Weng/WWKeyboardShadowView",
      "state" : {
        "revision" : "968e05130d72e87a3594a355ce23bdd959343479",
        "version" : "1.0.3"
      }
    }
  ],
  "version" : 3
}
