{
  "originHash" : "8ab5ca2b338c8b91483ca05669afa88d9bbf19e85c63a758bb2ea205bbd5e3f0",
  "pins" : [
    {
      "identity" : "wwkeyboardshadowview",
      "kind" : "remoteSourceControl",
      "location" : "https://github.com/William-Weng/WWKeyboardShadowView",
      "state" : {
        "revision" : "9a8223fe1cdbe137e7bb0daeb3ababcb8508f8db",
        "version" : "1.1.2"
      }
    }
  ],
  "version" : 3
}
